// !$*UTF8*$!
{
	archiveVersion = 1;
	classes = {
	};
	objectVersion = 46;
	objects = {

/* Begin PBXBuildFile section */
		BF07BA171CBCF440003F3E18 /* AppDelegate.swift in Sources */ = {isa = PBXBuildFile; fileRef = BF07BA161CBCF43F003F3E18 /* AppDelegate.swift */; };
		BF07BA191CBCF440003F3E18 /* ViewController.swift in Sources */ = {isa = PBXBuildFile; fileRef = BF07BA181CBCF440003F3E18 /* ViewController.swift */; };
		BF07BA1C1CBCF440003F3E18 /* Main.storyboard in Resources */ = {isa = PBXBuildFile; fileRef = BF07BA1A1CBCF440003F3E18 /* Main.storyboard */; };
		BF07BA1E1CBCF440003F3E18 /* Assets.xcassets in Resources */ = {isa = PBXBuildFile; fileRef = BF07BA1D1CBCF440003F3E18 /* Assets.xcassets */; };
		BF07BA211CBCF440003F3E18 /* LaunchScreen.storyboard in Resources */ = {isa = PBXBuildFile; fileRef = BF07BA1F1CBCF440003F3E18 /* LaunchScreen.storyboard */; };
		BF07BA2C1CBCF440003F3E18 /* TestTests.swift in Sources */ = {isa = PBXBuildFile; fileRef = BF07BA2B1CBCF440003F3E18 /* TestTests.swift */; };
		BF07BA371CBCF440003F3E18 /* TestUITests.swift in Sources */ = {isa = PBXBuildFile; fileRef = BF07BA361CBCF440003F3E18 /* TestUITests.swift */; };
		BF07BA451CBCF629003F3E18 /* LogoutViewController.swift in Sources */ = {isa = PBXBuildFile; fileRef = BF07BA441CBCF629003F3E18 /* LogoutViewController.swift */; };
		BFE67CDB1CBF20F800618480 /* TwoViewController.swift in Sources */ = {isa = PBXBuildFile; fileRef = BFE67CDA1CBF20F800618480 /* TwoViewController.swift */; };
/* End PBXBuildFile section */

/* Begin PBXContainerItemProxy section */
		BF07BA281CBCF440003F3E18 /* PBXContainerItemProxy */ = {
			isa = PBXContainerItemProxy;
			containerPortal = BF07BA0B1CBCF43F003F3E18 /* Project object */;
			proxyType = 1;
			remoteGlobalIDString = BF07BA121CBCF43F003F3E18;
			remoteInfo = Test;
		};
		BF07BA331CBCF440003F3E18 /* PBXContainerItemProxy */ = {
			isa = PBXContainerItemProxy;
			containerPortal = BF07BA0B1CBCF43F003F3E18 /* Project object */;
			proxyType = 1;
			remoteGlobalIDString = BF07BA121CBCF43F003F3E18;
			remoteInfo = Test;
		};
/* End PBXContainerItemProxy section */

/* Begin PBXFileReference section */
		BF07BA131CBCF43F003F3E18 /* Test.app */ = {isa = PBXFileReference; explicitFileType = wrapper.application; includeInIndex = 0; path = Test.app; sourceTree = BUILT_PRODUCTS_DIR; };
		BF07BA161CBCF43F003F3E18 /* AppDelegate.swift */ = {isa = PBXFileReference; lastKnownFileType = sourcecode.swift; path = AppDelegate.swift; sourceTree = "<group>"; };
		BF07BA181CBCF440003F3E18 /* ViewController.swift */ = {isa = PBXFileReference; lastKnownFileType = sourcecode.swift; path = ViewController.swift; sourceTree = "<group>"; };
		BF07BA1B1CBCF440003F3E18 /* Base */ = {isa = PBXFileReference; lastKnownFileType = file.storyboard; name = Base; path = Base.lproj/Main.storyboard; sourceTree = "<group>"; };
		BF07BA1D1CBCF440003F3E18 /* Assets.xcassets */ = {isa = PBXFileReference; lastKnownFileType = folder.assetcatalog; path = Assets.xcassets; sourceTree = "<group>"; };
		BF07BA201CBCF440003F3E18 /* Base */ = {isa = PBXFileReference; lastKnownFileType = file.storyboard; name = Base; path = Base.lproj/LaunchScreen.storyboard; sourceTree = "<group>"; };
		BF07BA221CBCF440003F3E18 /* Info.plist */ = {isa = PBXFileReference; lastKnownFileType = text.plist.xml; path = Info.plist; sourceTree = "<group>"; };
		BF07BA271CBCF440003F3E18 /* TestTests.xctest */ = {isa = PBXFileReference; explicitFileType = wrapper.cfbundle; includeInIndex = 0; path = TestTests.xctest; sourceTree = BUILT_PRODUCTS_DIR; };
		BF07BA2B1CBCF440003F3E18 /* TestTests.swift */ = {isa = PBXFileReference; lastKnownFileType = sourcecode.swift; path = TestTests.swift; sourceTree = "<group>"; };
		BF07BA2D1CBCF440003F3E18 /* Info.plist */ = {isa = PBXFileReference; lastKnownFileType = text.plist.xml; path = Info.plist; sourceTree = "<group>"; };
		BF07BA321CBCF440003F3E18 /* TestUITests.xctest */ = {isa = PBXFileReference; explicitFileType = wrapper.cfbundle; includeInIndex = 0; path = TestUITests.xctest; sourceTree = BUILT_PRODUCTS_DIR; };
		BF07BA361CBCF440003F3E18 /* TestUITests.swift */ = {isa = PBXFileReference; lastKnownFileType = sourcecode.swift; path = TestUITests.swift; sourceTree = "<group>"; };
		BF07BA381CBCF440003F3E18 /* Info.plist */ = {isa = PBXFileReference; lastKnownFileType = text.plist.xml; path = Info.plist; sourceTree = "<group>"; };
		BF07BA441CBCF629003F3E18 /* LogoutViewController.swift */ = {isa = PBXFileReference; fileEncoding = 4; lastKnownFileType = sourcecode.swift; path = LogoutViewController.swift; sourceTree = "<group>"; };
		BFE67CDA1CBF20F800618480 /* TwoViewController.swift */ = {isa = PBXFileReference; fileEncoding = 4; lastKnownFileType = sourcecode.swift; path = TwoViewController.swift; sourceTree = "<group>"; };
/* End PBXFileReference section */

/* Begin PBXFrameworksBuildPhase section */
		BF07BA101CBCF43F003F3E18 /* Frameworks */ = {
			isa = PBXFrameworksBuildPhase;
			buildActionMask = 2147483647;
			files = (
			);
			runOnlyForDeploymentPostprocessing = 0;
		};
		BF07BA241CBCF440003F3E18 /* Frameworks */ = {
			isa = PBXFrameworksBuildPhase;
			buildActionMask = 2147483647;
			files = (
			);
			runOnlyForDeploymentPostprocessing = 0;
		};
		BF07BA2F1CBCF440003F3E18 /* Frameworks */ = {
			isa = PBXFrameworksBuildPhase;
			buildActionMask = 2147483647;
			files = (
			);
			runOnlyForDeploymentPostprocessing = 0;
		};
/* End PBXFrameworksBuildPhase section */

/* Begin PBXGroup section */
		BF07BA0A1CBCF43F003F3E18 = {
			isa = PBXGroup;
			children = (
				BF07BA151CBCF43F003F3E18 /* Test */,
				BF07BA2A1CBCF440003F3E18 /* TestTests */,
				BF07BA351CBCF440003F3E18 /* TestUITests */,
				BF07BA141CBCF43F003F3E18 /* Products */,
			);
			sourceTree = "<group>";
		};
		BF07BA141CBCF43F003F3E18 /* Products */ = {
			isa = PBXGroup;
			children = (
				BF07BA131CBCF43F003F3E18 /* Test.app */,
				BF07BA271CBCF440003F3E18 /* TestTests.xctest */,
				BF07BA321CBCF440003F3E18 /* TestUITests.xctest */,
			);
			name = Products;
			sourceTree = "<group>";
		};
		BF07BA151CBCF43F003F3E18 /* Test */ = {
			isa = PBXGroup;
			children = (
				BF07BA161CBCF43F003F3E18 /* AppDelegate.swift */,
				BF07BA181CBCF440003F3E18 /* ViewController.swift */,
				BF07BA1A1CBCF440003F3E18 /* Main.storyboard */,
				BF07BA1D1CBCF440003F3E18 /* Assets.xcassets */,
				BF07BA1F1CBCF440003F3E18 /* LaunchScreen.storyboard */,
				BF07BA221CBCF440003F3E18 /* Info.plist */,
				BF07BA441CBCF629003F3E18 /* LogoutViewController.swift */,
				BFE67CDA1CBF20F800618480 /* TwoViewController.swift */,
			);
			path = Test;
			sourceTree = "<group>";
		};
		BF07BA2A1CBCF440003F3E18 /* TestTests */ = {
			isa = PBXGroup;
			children = (
				BF07BA2B1CBCF440003F3E18 /* TestTests.swift */,
				BF07BA2D1CBCF440003F3E18 /* Info.plist */,
			);
			path = TestTests;
			sourceTree = "<group>";
		};
		BF07BA351CBCF440003F3E18 /* TestUITests */ = {
			isa = PBXGroup;
			children = (
				BF07BA361CBCF440003F3E18 /* TestUITests.swift */,
				BF07BA381CBCF440003F3E18 /* Info.plist */,
			);
			path = TestUITests;
			sourceTree = "<group>";
		};
/* End PBXGroup section */

/* Begin PBXNativeTarget section */
		BF07BA121CBCF43F003F3E18 /* Test */ = {
			isa = PBXNativeTarget;
			buildConfigurationList = BF07BA3B1CBCF440003F3E18 /* Build configuration list for PBXNativeTarget "Test" */;
			buildPhases = (
				BF07BA0F1CBCF43F003F3E18 /* Sources */,
				BF07BA101CBCF43F003F3E18 /* Frameworks */,
				BF07BA111CBCF43F003F3E18 /* Resources */,
			);
			buildRules = (
			);
			dependencies = (
			);
			name = Test;
			productName = Test;
			productReference = BF07BA131CBCF43F003F3E18 /* Test.app */;
			productType = "com.apple.product-type.application";
		};
		BF07BA261CBCF440003F3E18 /* TestTests */ = {
			isa = PBXNativeTarget;
			buildConfigurationList = BF07BA3E1CBCF440003F3E18 /* Build configuration list for PBXNativeTarget "TestTests" */;
			buildPhases = (
				BF07BA231CBCF440003F3E18 /* Sources */,
				BF07BA241CBCF440003F3E18 /* Frameworks */,
				BF07BA251CBCF440003F3E18 /* Resources */,
			);
			buildRules = (
			);
			dependencies = (
				BF07BA291CBCF440003F3E18 /* PBXTargetDependency */,
			);
			name = TestTests;
			productName = TestTests;
			productReference = BF07BA271CBCF440003F3E18 /* TestTests.xctest */;
			productType = "com.apple.product-type.bundle.unit-test";
		};
		BF07BA311CBCF440003F3E18 /* TestUITests */ = {
			isa = PBXNativeTarget;
			buildConfigurationList = BF07BA411CBCF440003F3E18 /* Build configuration list for PBXNativeTarget "TestUITests" */;
			buildPhases = (
				BF07BA2E1CBCF440003F3E18 /* Sources */,
				BF07BA2F1CBCF440003F3E18 /* Frameworks */,
				BF07BA301CBCF440003F3E18 /* Resources */,
			);
			buildRules = (
			);
			dependencies = (
				BF07BA341CBCF440003F3E18 /* PBXTargetDependency */,
			);
			name = TestUITests;
			productName = TestUITests;
			productReference = BF07BA321CBCF440003F3E18 /* TestUITests.xctest */;
			productType = "com.apple.product-type.bundle.ui-testing";
		};
/* End PBXNativeTarget section */

/* Begin PBXProject section */
		BF07BA0B1CBCF43F003F3E18 /* Project object */ = {
			isa = PBXProject;
			attributes = {
				LastSwiftUpdateCheck = 0730;
				LastUpgradeCheck = 0730;
				ORGANIZATIONNAME = Vincent;
				TargetAttributes = {
					BF07BA121CBCF43F003F3E18 = {
						CreatedOnToolsVersion = 7.3;
						DevelopmentTeam = Y2WV2W9E5J;
					};
					BF07BA261CBCF440003F3E18 = {
						CreatedOnToolsVersion = 7.3;
						TestTargetID = BF07BA121CBCF43F003F3E18;
					};
					BF07BA311CBCF440003F3E18 = {
						CreatedOnToolsVersion = 7.3;
						TestTargetID = BF07BA121CBCF43F003F3E18;
					};
				};
			};
			buildConfigurationList = BF07BA0E1CBCF43F003F3E18 /* Build configuration list for PBXProject "Test" */;
			compatibilityVersion = "Xcode 3.2";
			developmentRegion = English;
			hasScannedForEncodings = 0;
			knownRegions = (
				en,
				Base,
			);
			mainGroup = BF07BA0A1CBCF43F003F3E18;
			productRefGroup = BF07BA141CBCF43F003F3E18 /* Products */;
			projectDirPath = "";
			projectRoot = "";
			targets = (
				BF07BA121CBCF43F003F3E18 /* Test */,
				BF07BA261CBCF440003F3E18 /* TestTests */,
				BF07BA311CBCF440003F3E18 /* TestUITests */,
			);
		};
/* End PBXProject section */

/* Begin PBXResourcesBuildPhase section */
		BF07BA111CBCF43F003F3E18 /* Resources */ = {
			isa = PBXResourcesBuildPhase;
			buildActionMask = 2147483647;
			files = (
				BF07BA211CBCF440003F3E18 /* LaunchScreen.storyboard in Resources */,
				BF07BA1E1CBCF440003F3E18 /* Assets.xcassets in Resources */,
				BF07BA1C1CBCF440003F3E18 /* Main.storyboard in Resources */,
			);
			runOnlyForDeploymentPostprocessing = 0;
		};
		BF07BA251CBCF440003F3E18 /* Resources */ = {
			isa = PBXResourcesBuildPhase;
			buildActionMask = 2147483647;
			files = (
			);
			runOnlyForDeploymentPostprocessing = 0;
		};
		BF07BA301CBCF440003F3E18 /* Resources */ = {
			isa = PBXResourcesBuildPhase;
			buildActionMask = 2147483647;
			files = (
			);
			runOnlyForDeploymentPostprocessing = 0;
		};
/* End PBXResourcesBuildPhase section */

/* Begin PBXSourcesBuildPhase section */
		BF07BA0F1CBCF43F003F3E18 /* Sources */ = {
			isa = PBXSourcesBuildPhase;
			buildActionMask = 2147483647;
			files = (
				BF07BA191CBCF440003F3E18 /* ViewController.swift in Sources */,
				BF07BA451CBCF629003F3E18 /* LogoutViewController.swift in Sources */,
				BF07BA171CBCF440003F3E18 /* AppDelegate.swift in Sources */,
				BFE67CDB1CBF20F800618480 /* TwoViewController.swift in Sources */,
			);
			runOnlyForDeploymentPostprocessing = 0;
		};
		BF07BA231CBCF440003F3E18 /* Sources */ = {
			isa = PBXSourcesBuildPhase;
			buildActionMask = 2147483647;
			files = (
				BF07BA2C1CBCF440003F3E18 /* TestTests.swift in Sources */,
			);
			runOnlyForDeploymentPostprocessing = 0;
		};
		BF07BA2E1CBCF440003F3E18 /* Sources */ = {
			isa = PBXSourcesBuildPhase;
			buildActionMask = 2147483647;
			files = (
				BF07BA371CBCF440003F3E18 /* TestUITests.swift in Sources */,
			);
			runOnlyForDeploymentPostprocessing = 0;
		};
/* End PBXSourcesBuildPhase section */

/* Begin PBXTargetDependency section */
		BF07BA291CBCF440003F3E18 /* PBXTargetDependency */ = {
			isa = PBXTargetDependency;
			target = BF07BA121CBCF43F003F3E18 /* Test */;
			targetProxy = BF07BA281CBCF440003F3E18 /* PBXContainerItemProxy */;
		};
		BF07BA341CBCF440003F3E18 /* PBXTargetDependency */ = {
			isa = PBXTargetDependency;
			target = BF07BA121CBCF43F003F3E18 /* Test */;
			targetProxy = BF07BA331CBCF440003F3E18 /* PBXContainerItemProxy */;
		};
/* End PBXTargetDependency section */

/* Begin PBXVariantGroup section */
		BF07BA1A1CBCF440003F3E18 /* Main.storyboard */ = {
			isa = PBXVariantGroup;
			children = (
				BF07BA1B1CBCF440003F3E18 /* Base */,
			);
			name = Main.storyboard;
			sourceTree = "<group>";
		};
		BF07BA1F1CBCF440003F3E18 /* LaunchScreen.storyboard */ = {
			isa = PBXVariantGroup;
			children = (
				BF07BA201CBCF440003F3E18 /* Base */,
			);
			name = LaunchScreen.storyboard;
			sourceTree = "<group>";
		};
/* End PBXVariantGroup section */

/* Begin XCBuildConfiguration section */
		BF07BA391CBCF440003F3E18 /* Debug */ = {
			isa = XCBuildConfiguration;
			buildSettings = {
				ALWAYS_SEARCH_USER_PATHS = NO;
				CLANG_ANALYZER_NONNULL = YES;
				CLANG_CXX_LANGUAGE_STANDARD = "gnu++0x";
				CLANG_CXX_LIBRARY = "libc++";
				CLANG_ENABLE_MODULES = YES;
				CLANG_ENABLE_OBJC_ARC = YES;
				CLANG_WARN_BOOL_CONVERSION = YES;
				CLANG_WARN_CONSTANT_CONVERSION = YES;
				CLANG_WARN_DIRECT_OBJC_ISA_USAGE = YES_ERROR;
				CLANG_WARN_EMPTY_BODY = YES;
				CLANG_WARN_ENUM_CONVERSION = YES;
				CLANG_WARN_INT_CONVERSION = YES;
				CLANG_WARN_OBJC_ROOT_CLASS = YES_ERROR;
				CLANG_WARN_UNREACHABLE_CODE = YES;
				CLANG_WARN__DUPLICATE_METHOD_MATCH = YES;
				"CODE_SIGN_IDENTITY[sdk=iphoneos*]" = "iPhone Developer";
				COPY_PHASE_STRIP = NO;
				DEBUG_INFORMATION_FORMAT = dwarf;
				ENABLE_STRICT_OBJC_MSGSEND = YES;
				ENABLE_TESTABILITY = YES;
				GCC_C_LANGUAGE_STANDARD = gnu99;
				GCC_DYNAMIC_NO_PIC = NO;
				GCC_NO_COMMON_BLOCKS = YES;
				GCC_OPTIMIZATION_LEVEL = 0;
				GCC_PREPROCESSOR_DEFINITIONS = (
					"DEBUG=1",
					"$(inherited)",
				);
				GCC_WARN_64_TO_32_BIT_CONVERSION = YES;
				GCC_WARN_ABOUT_RETURN_TYPE = YES_ERROR;
				GCC_WARN_UNDECLARED_SELECTOR = YES;
				GCC_WARN_UNINITIALIZED_AUTOS = YES_AGGRESSIVE;
				GCC_WARN_UNUSED_FUNCTION = YES;
				GCC_WARN_UNUSED_VARIABLE = YES;
				IPHONEOS_DEPLOYMENT_TARGET = 9.3;
				MTL_ENABLE_DEBUG_INFO = YES;
				ONLY_ACTIVE_ARCH = YES;
				SDKROOT = iphoneos;
				SWIFT_OPTIMIZATION_LEVEL = "-Onone";
				TARGETED_DEVICE_FAMILY = "1,2";
			};
			name = Debug;
		};
		BF07BA3A1CBCF440003F3E18 /* Release */ = {
			isa = XCBuildConfiguration;
			buildSettings = {
				ALWAYS_SEARCH_USER_PATHS = NO;
				CLANG_ANALYZER_NONNULL = YES;
				CLANG_CXX_LANGUAGE_STANDARD = "gnu++0x";
				CLANG_CXX_LIBRARY = "libc++";
				CLANG_ENABLE_MODULES = YES;
				CLANG_ENABLE_OBJC_ARC = YES;
				CLANG_WARN_BOOL_CONVERSION = YES;
				CLANG_WARN_CONSTANT_CONVERSION = YES;
				CLANG_WARN_DIRECT_OBJC_ISA_USAGE = YES_ERROR;
				CLANG_WARN_EMPTY_BODY = YES;
				CLANG_WARN_ENUM_CONVERSION = YES;
				CLANG_WARN_INT_CONVERSION = YES;
				CLANG_WARN_OBJC_ROOT_CLASS = YES_ERROR;
				CLANG_WARN_UNREACHABLE_CODE = YES;
				CLANG_WARN__DUPLICATE_METHOD_MATCH = YES;
				"CODE_SIGN_IDENTITY[sdk=iphoneos*]" = "iPhone Developer";
				COPY_PHASE_STRIP = NO;
				DEBUG_INFORMATION_FORMAT = "dwarf-with-dsym";
				ENABLE_NS_ASSERTIONS = NO;
				ENABLE_STRICT_OBJC_MSGSEND = YES;
				GCC_C_LANGUAGE_STANDARD = gnu99;
				GCC_NO_COMMON_BLOCKS = YES;
				GCC_WARN_64_TO_32_BIT_CONVERSION = YES;
				GCC_WARN_ABOUT_RETURN_TYPE = YES_ERROR;
				GCC_WARN_UNDECLARED_SELECTOR = YES;
				GCC_WARN_UNINITIALIZED_AUTOS = YES_AGGRESSIVE;
				GCC_WARN_UNUSED_FUNCTION = YES;
				GCC_WARN_UNUSED_VARIABLE = YES;
				IPHONEOS_DEPLOYMENT_TARGET = 9.3;
				MTL_ENABLE_DEBUG_INFO = NO;
				SDKROOT = iphoneos;
				TARGETED_DEVICE_FAMILY = "1,2";
				VALIDATE_PRODUCT = YES;
			};
			name = Release;
		};
		BF07BA3C1CBCF440003F3E18 /* Debug */ = {
			isa = XCBuildConfiguration;
			buildSettings = {
				ASSETCATALOG_COMPILER_APPICON_NAME = AppIcon;
				CODE_SIGN_IDENTITY = "iPhone Developer";
				"CODE_SIGN_IDENTITY[sdk=iphoneos*]" = "iPhone Developer";
				INFOPLIST_FILE = Test/Info.plist;
				LD_RUNPATH_SEARCH_PATHS = "$(inherited) @executable_path/Frameworks";
				PRODUCT_BUNDLE_IDENTIFIER = com.xecoder.test.Test;
				PRODUCT_NAME = "$(TARGET_NAME)";
				PROVISIONING_PROFILE = "";
				TARGETED_DEVICE_FAMILY = 1;
			};
			name = Debug;
		};
		BF07BA3D1CBCF440003F3E18 /* Release */ = {
			isa = XCBuildConfiguration;
			buildSettings = {
				ASSETCATALOG_COMPILER_APPICON_NAME = AppIcon;
				CODE_SIGN_IDENTITY = "iPhone Developer";
				"CODE_SIGN_IDENTITY[sdk=iphoneos*]" = "iPhone Developer";
				INFOPLIST_FILE = Test/Info.plist;
				LD_RUNPATH_SEARCH_PATHS = "$(inherited) @executable_path/Frameworks";
				PRODUCT_BUNDLE_IDENTIFIER = com.xecoder.test.Test;
				PRODUCT_NAME = "$(TARGET_NAME)";
				PROVISIONING_PROFILE = "";
				TARGETED_DEVICE_FAMILY = 1;
			};
			name = Release;
		};
		BF07BA3F1CBCF440003F3E18 /* Debug */ = {
			isa = XCBuildConfiguration;
			buildSettings = {
				BUNDLE_LOADER = "$(TEST_HOST)";
				INFOPLIST_FILE = TestTests/Info.plist;
				LD_RUNPATH_SEARCH_PATHS = "$(inherited) @executable_path/Frameworks @loader_path/Frameworks";
				PRODUCT_BUNDLE_IDENTIFIER = com.xecoder.test.TestTests;
				PRODUCT_NAME = "$(TARGET_NAME)";
				TEST_HOST = "$(BUILT_PRODUCTS_DIR)/Test.app/Test";
			};
			name = Debug;
		};
		BF07BA401CBCF440003F3E18 /* Release */ = {
			isa = XCBuildConfiguration;
			buildSettings = {
				BUNDLE_LOADER = "$(TEST_HOST)";
				INFOPLIST_FILE = TestTests/Info.plist;
				LD_RUNPATH_SEARCH_PATHS = "$(inherited) @executable_path/Frameworks @loader_path/Frameworks";
				PRODUCT_BUNDLE_IDENTIFIER = com.xecoder.test.TestTests;
				PRODUCT_NAME = "$(TARGET_NAME)";
				TEST_HOST = "$(BUILT_PRODUCTS_DIR)/Test.app/Test";
			};
			name = Release;
		};
		BF07BA421CBCF440003F3E18 /* Debug */ = {
			isa = XCBuildConfiguration;
			buildSettings = {
				INFOPLIST_FILE = TestUITests/Info.plist;
				LD_RUNPATH_SEARCH_PATHS = "$(inherited) @executable_path/Frameworks @loader_path/Frameworks";
				PRODUCT_BUNDLE_IDENTIFIER = com.xecoder.test.TestUITests;
				PRODUCT_NAME = "$(TARGET_NAME)";
				TEST_TARGET_NAME = Test;
			};
			name = Debug;
		};
		BF07BA431CBCF440003F3E18 /* Release */ = {
			isa = XCBuildConfiguration;
			buildSettings = {
				INFOPLIST_FILE = TestUITests/Info.plist;
				LD_RUNPATH_SEARCH_PATHS = "$(inherited) @executable_path/Frameworks @loader_path/Frameworks";
				PRODUCT_BUNDLE_IDENTIFIER = com.xecoder.test.TestUITests;
				PRODUCT_NAME = "$(TARGET_NAME)";
				TEST_TARGET_NAME = Test;
			};
			name = Release;
		};
/* End XCBuildConfiguration section */

/* Begin XCConfigurationList section */
		BF07BA0E1CBCF43F003F3E18 /* Build configuration list for PBXProject "Test" */ = {
			isa = XCConfigurationList;
			buildConfigurations = (
				BF07BA391CBCF440003F3E18 /* Debug */,
				BF07BA3A1CBCF440003F3E18 /* Release */,
			);
			defaultConfigurationIsVisible = 0;
			defaultConfigurationName = Release;
		};
		BF07BA3B1CBCF440003F3E18 /* Build configuration list for PBXNativeTarget "Test" */ = {
			isa = XCConfigurationList;
			buildConfigurations = (
				BF07BA3C1CBCF440003F3E18 /* Debug */,
				BF07BA3D1CBCF440003F3E18 /* Release */,
			);
			defaultConfigurationIsVisible = 0;
			defaultConfigurationName = Release;
		};
		BF07BA3E1CBCF440003F3E18 /* Build configuration list for PBXNativeTarget "TestTests" */ = {
			isa = XCConfigurationList;
			buildConfigurations = (
				BF07BA3F1CBCF440003F3E18 /* Debug */,
				BF07BA401CBCF440003F3E18 /* Release */,
			);
			defaultConfigurationIsVisible = 0;
			defaultConfigurationName = Release;
		};
		BF07BA411CBCF440003F3E18 /* Build configuration list for PBXNativeTarget "TestUITests" */ = {
			isa = XCConfigurationList;
			buildConfigurations = (
				BF07BA421CBCF440003F3E18 /* Debug */,
				BF07BA431CBCF440003F3E18 /* Release */,
			);
			defaultConfigurationIsVisible = 0;
			defaultConfigurationName = Release;
		};
/* End XCConfigurationList section */
	};
	rootObject = BF07BA0B1CBCF43F003F3E18 /* Project object */;
}
